
Microsoft Visual Studio Solution File, Format Version 12.00
# Visual Studio 2012
Project("{FAE04EC0-301F-11D3-BF4B-00C04F79EFBC}") = "WorkFlowEngine", "WorkFlowEngine\WorkFlowEngine.csproj", "{15F38398-2412-4524-8CBF-4C1A2459357F}"
EndProject
Global
	GlobalSection(SolutionConfigurationPlatforms) = preSolution
		Debug|x86 = Debug|x86
		Release|x86 = Release|x86
	EndGlobalSection
	GlobalSection(ProjectConfigurationPlatforms) = postSolution
		{15F38398-2412-4524-8CBF-4C1A2459357F}.Debug|x86.ActiveCfg = Debug|x86
		{15F38398-2412-4524-8CBF-4C1A2459357F}.Debug|x86.Build.0 = Debug|x86
		{15F38398-2412-4524-8CBF-4C1A2459357F}.Release|x86.ActiveCfg = Release|x86
		{15F38398-2412-4524-8CBF-4C1A2459357F}.Release|x86.Build.0 = Release|x86
	EndGlobalSection
EndGlobal
